// !$*UTF8*$!
{
	archiveVersion = 1;
	classes = {
	};
	objectVersion = 48;
	objects = {

/* Begin PBXBuildFile section */
		52D7FAC41F824E1400D50129 /* AppDelegate.swift in Sources */ = {isa = PBXBuildFile; fileRef = 52D7FAC31F824E1400D50129 /* AppDelegate.swift */; };
		52D7FAC61F824E1400D50129 /* PhoneViewController.swift in Sources */ = {isa = PBXBuildFile; fileRef = 52D7FAC51F824E1400D50129 /* PhoneViewController.swift */; };
		52D7FAC91F824E1400D50129 /* Main.storyboard in Resources */ = {isa = PBXBuildFile; fileRef = 52D7FAC71F824E1400D50129 /* Main.storyboard */; };
		52D7FACB1F824E1400D50129 /* Assets.xcassets in Resources */ = {isa = PBXBuildFile; fileRef = 52D7FACA1F824E1400D50129 /* Assets.xcassets */; };
		52D7FACE1F824E1400D50129 /* LaunchScreen.storyboard in Resources */ = {isa = PBXBuildFile; fileRef = 52D7FACC1F824E1400D50129 /* LaunchScreen.storyboard */; };
		52D7FADD1F8275F600D50129 /* CodeViewController.swift in Sources */ = {isa = PBXBuildFile; fileRef = 52D7FADC1F8275F600D50129 /* CodeViewController.swift */; };
		99612FB897E47DD178F958CB /* Pods_VerifyExampleSW.framework in Frameworks */ = {isa = PBXBuildFile; fileRef = F17965B692BF9AE8273CBBA1 /* Pods_VerifyExampleSW.framework */; };
/* End PBXBuildFile section */

/* Begin PBXFileReference section */
		52D7FAC01F824E1400D50129 /* VerifyExampleSW.app */ = {isa = PBXFileReference; explicitFileType = wrapper.application; includeInIndex = 0; path = VerifyExampleSW.app; sourceTree = BUILT_PRODUCTS_DIR; };
		52D7FAC31F824E1400D50129 /* AppDelegate.swift */ = {isa = PBXFileReference; lastKnownFileType = sourcecode.swift; path = AppDelegate.swift; sourceTree = "<group>"; };
		52D7FAC51F824E1400D50129 /* PhoneViewController.swift */ = {isa = PBXFileReference; lastKnownFileType = sourcecode.swift; path = PhoneViewController.swift; sourceTree = "<group>"; };
		52D7FAC81F824E1400D50129 /* Base */ = {isa = PBXFileReference; lastKnownFileType = file.storyboard; name = Base; path = Base.lproj/Main.storyboard; sourceTree = "<group>"; };
		52D7FACA1F824E1400D50129 /* Assets.xcassets */ = {isa = PBXFileReference; lastKnownFileType = folder.assetcatalog; path = Assets.xcassets; sourceTree = "<group>"; };
		52D7FACD1F824E1400D50129 /* Base */ = {isa = PBXFileReference; lastKnownFileType = file.storyboard; name = Base; path = Base.lproj/LaunchScreen.storyboard; sourceTree = "<group>"; };
		52D7FACF1F824E1400D50129 /* Info.plist */ = {isa = PBXFileReference; lastKnownFileType = text.plist.xml; path = Info.plist; sourceTree = "<group>"; };
		52D7FADC1F8275F600D50129 /* CodeViewController.swift */ = {isa = PBXFileReference; lastKnownFileType = sourcecode.swift; path = CodeViewController.swift; sourceTree = "<group>"; };
		8E82BF8208AB1684104CAEFA /* Pods-VerifyExampleSW.release.xcconfig */ = {isa = PBXFileReference; includeInIndex = 1; lastKnownFileType = text.xcconfig; name = "Pods-VerifyExampleSW.release.xcconfig"; path = "Pods/Target Support Files/Pods-VerifyExampleSW/Pods-VerifyExampleSW.release.xcconfig"; sourceTree = "<group>"; };
		964ABDDFA074CD5D67B0D5DE /* Pods-VerifyExampleSW.debug.xcconfig */ = {isa = PBXFileReference; includeInIndex = 1; lastKnownFileType = text.xcconfig; name = "Pods-VerifyExampleSW.debug.xcconfig"; path = "Pods/Target Support Files/Pods-VerifyExampleSW/Pods-VerifyExampleSW.debug.xcconfig"; sourceTree = "<group>"; };
		F17965B692BF9AE8273CBBA1 /* Pods_VerifyExampleSW.framework */ = {isa = PBXFileReference; explicitFileType = wrapper.framework; includeInIndex = 0; path = Pods_VerifyExampleSW.framework; sourceTree = BUILT_PRODUCTS_DIR; };
/* End PBXFileReference section */

/* Begin PBXFrameworksBuildPhase section */
		52D7FABD1F824E1400D50129 /* Frameworks */ = {
			isa = PBXFrameworksBuildPhase;
			buildActionMask = 2147483647;
			files = (
				99612FB897E47DD178F958CB /* Pods_VerifyExampleSW.framework in Frameworks */,
			);
			runOnlyForDeploymentPostprocessing = 0;
		};
/* End PBXFrameworksBuildPhase section */

/* Begin PBXGroup section */
		31F6717E224C79FAFAAD9317 /* Frameworks */ = {
			isa = PBXGroup;
			children = (
				F17965B692BF9AE8273CBBA1 /* Pods_VerifyExampleSW.framework */,
			);
			name = Frameworks;
			sourceTree = "<group>";
		};
		52D7FAB71F824E1400D50129 = {
			isa = PBXGroup;
			children = (
				52D7FAC21F824E1400D50129 /* VerifyExampleSW */,
				52D7FAC11F824E1400D50129 /* Products */,
				7245869F62AB8CFF39A1C0AC /* Pods */,
				31F6717E224C79FAFAAD9317 /* Frameworks */,
			);
			sourceTree = "<group>";
		};
		52D7FAC11F824E1400D50129 /* Products */ = {
			isa = PBXGroup;
			children = (
				52D7FAC01F824E1400D50129 /* VerifyExampleSW.app */,
			);
			name = Products;
			sourceTree = "<group>";
		};
		52D7FAC21F824E1400D50129 /* VerifyExampleSW */ = {
			isa = PBXGroup;
			children = (
				52D7FAC31F824E1400D50129 /* AppDelegate.swift */,
				52D7FAC51F824E1400D50129 /* PhoneViewController.swift */,
				52D7FAC71F824E1400D50129 /* Main.storyboard */,
				52D7FADC1F8275F600D50129 /* CodeViewController.swift */,
				52D7FACA1F824E1400D50129 /* Assets.xcassets */,
				52D7FACC1F824E1400D50129 /* LaunchScreen.storyboard */,
				52D7FACF1F824E1400D50129 /* Info.plist */,
			);
			path = VerifyExampleSW;
			sourceTree = "<group>";
		};
		7245869F62AB8CFF39A1C0AC /* Pods */ = {
			isa = PBXGroup;
			children = (
				964ABDDFA074CD5D67B0D5DE /* Pods-VerifyExampleSW.debug.xcconfig */,
				8E82BF8208AB1684104CAEFA /* Pods-VerifyExampleSW.release.xcconfig */,
			);
			name = Pods;
			sourceTree = "<group>";
		};
/* End PBXGroup section */

/* Begin PBXNativeTarget section */
		52D7FABF1F824E1400D50129 /* VerifyExampleSW */ = {
			isa = PBXNativeTarget;
			buildConfigurationList = 52D7FAD21F824E1400D50129 /* Build configuration list for PBXNativeTarget "VerifyExampleSW" */;
			buildPhases = (
				4868613C3BD733C47E57E635 /* [CP] Check Pods Manifest.lock */,
				52D7FABC1F824E1400D50129 /* Sources */,
				52D7FABD1F824E1400D50129 /* Frameworks */,
				52D7FABE1F824E1400D50129 /* Resources */,
				58ACA8FEC60901C73816FC95 /* [CP] Embed Pods Frameworks */,
				0ECC19702CCF8102E09ACD3A /* [CP] Copy Pods Resources */,
			);
			buildRules = (
			);
			dependencies = (
			);
			name = VerifyExampleSW;
			productName = VerifyExampleSW;
			productReference = 52D7FAC01F824E1400D50129 /* VerifyExampleSW.app */;
			productType = "com.apple.product-type.application";
		};
/* End PBXNativeTarget section */

/* Begin PBXProject section */
		52D7FAB81F824E1400D50129 /* Project object */ = {
			isa = PBXProject;
			attributes = {
				LastSwiftUpdateCheck = 0900;
				LastUpgradeCheck = 0900;
				ORGANIZATIONNAME = "Sergey Popov";
				TargetAttributes = {
					52D7FABF1F824E1400D50129 = {
						CreatedOnToolsVersion = 9.0;
						ProvisioningStyle = Automatic;
					};
				};
			};
			buildConfigurationList = 52D7FABB1F824E1400D50129 /* Build configuration list for PBXProject "VerifyExampleSW" */;
			compatibilityVersion = "Xcode 8.0";
			developmentRegion = en;
			hasScannedForEncodings = 0;
			knownRegions = (
				en,
				Base,
			);
			mainGroup = 52D7FAB71F824E1400D50129;
			productRefGroup = 52D7FAC11F824E1400D50129 /* Products */;
			projectDirPath = "";
			projectRoot = "";
			targets = (
				52D7FABF1F824E1400D50129 /* VerifyExampleSW */,
			);
		};
/* End PBXProject section */

/* Begin PBXResourcesBuildPhase section */
		52D7FABE1F824E1400D50129 /* Resources */ = {
			isa = PBXResourcesBuildPhase;
			buildActionMask = 2147483647;
			files = (
				52D7FACE1F824E1400D50129 /* LaunchScreen.storyboard in Resources */,
				52D7FACB1F824E1400D50129 /* Assets.xcassets in Resources */,
				52D7FAC91F824E1400D50129 /* Main.storyboard in Resources */,
			);
			runOnlyForDeploymentPostprocessing = 0;
		};
/* End PBXResourcesBuildPhase section */

/* Begin PBXShellScriptBuildPhase section */
		0ECC19702CCF8102E09ACD3A /* [CP] Copy Pods Resources */ = {
			isa = PBXShellScriptBuildPhase;
			buildActionMask = 2147483647;
			files = (
			);
			inputPaths = (
				"${SRCROOT}/Pods/Target Support Files/Pods-VerifyExampleSW/Pods-VerifyExampleSW-resources.sh",
				"${PODS_ROOT}/../../../VerifireKit/Resources/VerifireKit.bundle",
			);
			name = "[CP] Copy Pods Resources";
			outputPaths = (
				"${TARGET_BUILD_DIR}/${UNLOCALIZED_RESOURCES_FOLDER_PATH}",
			);
			runOnlyForDeploymentPostprocessing = 0;
			shellPath = /bin/sh;
			shellScript = "\"${SRCROOT}/Pods/Target Support Files/Pods-VerifyExampleSW/Pods-VerifyExampleSW-resources.sh\"\n";
			showEnvVarsInLog = 0;
		};
		4868613C3BD733C47E57E635 /* [CP] Check Pods Manifest.lock */ = {
			isa = PBXShellScriptBuildPhase;
			buildActionMask = 2147483647;
			files = (
			);
			inputPaths = (
				"${PODS_PODFILE_DIR_PATH}/Podfile.lock",
				"${PODS_ROOT}/Manifest.lock",
			);
			name = "[CP] Check Pods Manifest.lock";
			outputPaths = (
				"$(DERIVED_FILE_DIR)/Pods-VerifyExampleSW-checkManifestLockResult.txt",
			);
			runOnlyForDeploymentPostprocessing = 0;
			shellPath = /bin/sh;
			shellScript = "diff \"${PODS_PODFILE_DIR_PATH}/Podfile.lock\" \"${PODS_ROOT}/Manifest.lock\" > /dev/null\nif [ $? != 0 ] ; then\n    # print error to STDERR\n    echo \"error: The sandbox is not in sync with the Podfile.lock. Run 'pod install' or update your CocoaPods installation.\" >&2\n    exit 1\nfi\n# This output is used by Xcode 'outputs' to avoid re-running this script phase.\necho \"SUCCESS\" > \"${SCRIPT_OUTPUT_FILE_0}\"\n";
			showEnvVarsInLog = 0;
		};
		58ACA8FEC60901C73816FC95 /* [CP] Embed Pods Frameworks */ = {
			isa = PBXShellScriptBuildPhase;
			buildActionMask = 2147483647;
			files = (
			);
			inputPaths = (
				"${SRCROOT}/Pods/Target Support Files/Pods-VerifyExampleSW/Pods-VerifyExampleSW-frameworks.sh",
				"${BUILT_PRODUCTS_DIR}/AFNetworking/AFNetworking.framework",
				"${BUILT_PRODUCTS_DIR}/VerifireKit/VerifireKit.framework",
			);
			name = "[CP] Embed Pods Frameworks";
			outputPaths = (
				"${TARGET_BUILD_DIR}/${FRAMEWORKS_FOLDER_PATH}/AFNetworking.framework",
				"${TARGET_BUILD_DIR}/${FRAMEWORKS_FOLDER_PATH}/VerifireKit.framework",
			);
			runOnlyForDeploymentPostprocessing = 0;
			shellPath = /bin/sh;
			shellScript = "\"${SRCROOT}/Pods/Target Support Files/Pods-VerifyExampleSW/Pods-VerifyExampleSW-frameworks.sh\"\n";
			showEnvVarsInLog = 0;
		};
/* End PBXShellScriptBuildPhase section */

/* Begin PBXSourcesBuildPhase section */
		52D7FABC1F824E1400D50129 /* Sources */ = {
			isa = PBXSourcesBuildPhase;
			buildActionMask = 2147483647;
			files = (
				52D7FADD1F8275F600D50129 /* CodeViewController.swift in Sources */,
				52D7FAC61F824E1400D50129 /* PhoneViewController.swift in Sources */,
				52D7FAC41F824E1400D50129 /* AppDelegate.swift in Sources */,
			);
			runOnlyForDeploymentPostprocessing = 0;
		};
/* End PBXSourcesBuildPhase section */

/* Begin PBXVariantGroup section */
		52D7FAC71F824E1400D50129 /* Main.storyboard */ = {
			isa = PBXVariantGroup;
			children = (
				52D7FAC81F824E1400D50129 /* Base */,
			);
			name = Main.storyboard;
			sourceTree = "<group>";
		};
		52D7FACC1F824E1400D50129 /* LaunchScreen.storyboard */ = {
			isa = PBXVariantGroup;
			children = (
				52D7FACD1F824E1400D50129 /* Base */,
			);
			name = LaunchScreen.storyboard;
			sourceTree = "<group>";
		};
/* End PBXVariantGroup section */

/* Begin XCBuildConfiguration section */
		52D7FAD01F824E1400D50129 /* Debug */ = {
			isa = XCBuildConfiguration;
			buildSettings = {
				ALWAYS_SEARCH_USER_PATHS = NO;
				CLANG_ANALYZER_NONNULL = YES;
				CLANG_ANALYZER_NUMBER_OBJECT_CONVERSION = YES_AGGRESSIVE;
				CLANG_CXX_LANGUAGE_STANDARD = "gnu++14";
				CLANG_CXX_LIBRARY = "libc++";
				CLANG_ENABLE_MODULES = YES;
				CLANG_ENABLE_OBJC_ARC = YES;
				CLANG_WARN_BLOCK_CAPTURE_AUTORELEASING = YES;
				CLANG_WARN_BOOL_CONVERSION = YES;
				CLANG_WARN_COMMA = YES;
				CLANG_WARN_CONSTANT_CONVERSION = YES;
				CLANG_WARN_DIRECT_OBJC_ISA_USAGE = YES_ERROR;
				CLANG_WARN_DOCUMENTATION_COMMENTS = YES;
				CLANG_WARN_EMPTY_BODY = YES;
				CLANG_WARN_ENUM_CONVERSION = YES;
				CLANG_WARN_INFINITE_RECURSION = YES;
				CLANG_WARN_INT_CONVERSION = YES;
				CLANG_WARN_NON_LITERAL_NULL_CONVERSION = YES;
				CLANG_WARN_OBJC_LITERAL_CONVERSION = YES;
				CLANG_WARN_OBJC_ROOT_CLASS = YES_ERROR;
				CLANG_WARN_RANGE_LOOP_ANALYSIS = YES;
				CLANG_WARN_STRICT_PROTOTYPES = YES;
				CLANG_WARN_SUSPICIOUS_MOVE = YES;
				CLANG_WARN_UNGUARDED_AVAILABILITY = YES_AGGRESSIVE;
				CLANG_WARN_UNREACHABLE_CODE = YES;
				CLANG_WARN__DUPLICATE_METHOD_MATCH = YES;
				CODE_SIGN_IDENTITY = "iPhone Developer";
				COPY_PHASE_STRIP = NO;
				DEBUG_INFORMATION_FORMAT = dwarf;
				ENABLE_STRICT_OBJC_MSGSEND = YES;
				ENABLE_TESTABILITY = YES;
				GCC_C_LANGUAGE_STANDARD = gnu11;
				GCC_DYNAMIC_NO_PIC = NO;
				GCC_NO_COMMON_BLOCKS = YES;
				GCC_OPTIMIZATION_LEVEL = 0;
				GCC_PREPROCESSOR_DEFINITIONS = (
					"DEBUG=1",
					"$(inherited)",
				);
				GCC_WARN_64_TO_32_BIT_CONVERSION = YES;
				GCC_WARN_ABOUT_RETURN_TYPE = YES_ERROR;
				GCC_WARN_UNDECLARED_SELECTOR = YES;
				GCC_WARN_UNINITIALIZED_AUTOS = YES_AGGRESSIVE;
				GCC_WARN_UNUSED_FUNCTION = YES;
				GCC_WARN_UNUSED_VARIABLE = YES;
				IPHONEOS_DEPLOYMENT_TARGET = 11.0;
				MTL_ENABLE_DEBUG_INFO = YES;
				ONLY_ACTIVE_ARCH = YES;
				SDKROOT = iphoneos;
				SWIFT_ACTIVE_COMPILATION_CONDITIONS = DEBUG;
				SWIFT_OPTIMIZATION_LEVEL = "-Onone";
			};
			name = Debug;
		};
		52D7FAD11F824E1400D50129 /* Release */ = {
			isa = XCBuildConfiguration;
			buildSettings = {
				ALWAYS_SEARCH_USER_PATHS = NO;
				CLANG_ANALYZER_NONNULL = YES;
				CLANG_ANALYZER_NUMBER_OBJECT_CONVERSION = YES_AGGRESSIVE;
				CLANG_CXX_LANGUAGE_STANDARD = "gnu++14";
				CLANG_CXX_LIBRARY = "libc++";
				CLANG_ENABLE_MODULES = YES;
				CLANG_ENABLE_OBJC_ARC = YES;
				CLANG_WARN_BLOCK_CAPTURE_AUTORELEASING = YES;
				CLANG_WARN_BOOL_CONVERSION = YES;
				CLANG_WARN_COMMA = YES;
				CLANG_WARN_CONSTANT_CONVERSION = YES;
				CLANG_WARN_DIRECT_OBJC_ISA_USAGE = YES_ERROR;
				CLANG_WARN_DOCUMENTATION_COMMENTS = YES;
				CLANG_WARN_EMPTY_BODY = YES;
				CLANG_WARN_ENUM_CONVERSION = YES;
				CLANG_WARN_INFINITE_RECURSION = YES;
				CLANG_WARN_INT_CONVERSION = YES;
				CLANG_WARN_NON_LITERAL_NULL_CONVERSION = YES;
				CLANG_WARN_OBJC_LITERAL_CONVERSION = YES;
				CLANG_WARN_OBJC_ROOT_CLASS = YES_ERROR;
				CLANG_WARN_RANGE_LOOP_ANALYSIS = YES;
				CLANG_WARN_STRICT_PROTOTYPES = YES;
				CLANG_WARN_SUSPICIOUS_MOVE = YES;
				CLANG_WARN_UNGUARDED_AVAILABILITY = YES_AGGRESSIVE;
				CLANG_WARN_UNREACHABLE_CODE = YES;
				CLANG_WARN__DUPLICATE_METHOD_MATCH = YES;
				CODE_SIGN_IDENTITY = "iPhone Developer";
				COPY_PHASE_STRIP = NO;
				DEBUG_INFORMATION_FORMAT = "dwarf-with-dsym";
				ENABLE_NS_ASSERTIONS = NO;
				ENABLE_STRICT_OBJC_MSGSEND = YES;
				GCC_C_LANGUAGE_STANDARD = gnu11;
				GCC_NO_COMMON_BLOCKS = YES;
				GCC_WARN_64_TO_32_BIT_CONVERSION = YES;
				GCC_WARN_ABOUT_RETURN_TYPE = YES_ERROR;
				GCC_WARN_UNDECLARED_SELECTOR = YES;
				GCC_WARN_UNINITIALIZED_AUTOS = YES_AGGRESSIVE;
				GCC_WARN_UNUSED_FUNCTION = YES;
				GCC_WARN_UNUSED_VARIABLE = YES;
				IPHONEOS_DEPLOYMENT_TARGET = 11.0;
				MTL_ENABLE_DEBUG_INFO = NO;
				SDKROOT = iphoneos;
				SWIFT_OPTIMIZATION_LEVEL = "-Owholemodule";
				VALIDATE_PRODUCT = YES;
			};
			name = Release;
		};
		52D7FAD31F824E1400D50129 /* Debug */ = {
			isa = XCBuildConfiguration;
			baseConfigurationReference = 964ABDDFA074CD5D67B0D5DE /* Pods-VerifyExampleSW.debug.xcconfig */;
			buildSettings = {
				ASSETCATALOG_COMPILER_APPICON_NAME = AppIcon;
				CODE_SIGN_STYLE = Automatic;
				DEVELOPMENT_TEAM = GVHZGUG393;
				INFOPLIST_FILE = VerifyExampleSW/Info.plist;
				LD_RUNPATH_SEARCH_PATHS = "$(inherited) @executable_path/Frameworks";
				PRODUCT_BUNDLE_IDENTIFIER = io.verifire.ios.VerifyExampleSW;
				PRODUCT_NAME = "$(TARGET_NAME)";
				SWIFT_VERSION = 4.0;
				TARGETED_DEVICE_FAMILY = "1,2";
			};
			name = Debug;
		};
		52D7FAD41F824E1400D50129 /* Release */ = {
			isa = XCBuildConfiguration;
			baseConfigurationReference = 8E82BF8208AB1684104CAEFA /* Pods-VerifyExampleSW.release.xcconfig */;
			buildSettings = {
				ASSETCATALOG_COMPILER_APPICON_NAME = AppIcon;
				CODE_SIGN_STYLE = Automatic;
				DEVELOPMENT_TEAM = GVHZGUG393;
				INFOPLIST_FILE = VerifyExampleSW/Info.plist;
				LD_RUNPATH_SEARCH_PATHS = "$(inherited) @executable_path/Frameworks";
				PRODUCT_BUNDLE_IDENTIFIER = io.verifire.ios.VerifyExampleSW;
				PRODUCT_NAME = "$(TARGET_NAME)";
				SWIFT_VERSION = 4.0;
				TARGETED_DEVICE_FAMILY = "1,2";
			};
			name = Release;
		};
/* End XCBuildConfiguration section */

/* Begin XCConfigurationList section */
		52D7FABB1F824E1400D50129 /* Build configuration list for PBXProject "VerifyExampleSW" */ = {
			isa = XCConfigurationList;
			buildConfigurations = (
				52D7FAD01F824E1400D50129 /* Debug */,
				52D7FAD11F824E1400D50129 /* Release */,
			);
			defaultConfigurationIsVisible = 0;
			defaultConfigurationName = Release;
		};
		52D7FAD21F824E1400D50129 /* Build configuration list for PBXNativeTarget "VerifyExampleSW" */ = {
			isa = XCConfigurationList;
			buildConfigurations = (
				52D7FAD31F824E1400D50129 /* Debug */,
				52D7FAD41F824E1400D50129 /* Release */,
			);
			defaultConfigurationIsVisible = 0;
			defaultConfigurationName = Release;
		};
/* End XCConfigurationList section */
	};
	rootObject = 52D7FAB81F824E1400D50129 /* Project object */;
}
